
Microsoft Visual Studio Solution File, Format Version 12.00
# Visual Studio Version 17
VisualStudioVersion = 17.4.33205.214
MinimumVisualStudioVersion = 10.0.40219.1
Project("{FAE04EC0-301F-11D3-BF4B-00C04F79EFBC}") = "B2B_SiteListing", "B2B_SiteListing\B2B_SiteListing.csproj", "{7215C220-FA79-4062-9BD1-4B2DAA91161E}"
EndProject
Global
	GlobalSection(SolutionConfigurationPlatforms) = preSolution
		Debug|Any CPU = Debug|Any CPU
		Release|Any CPU = Release|Any CPU
	EndGlobalSection
	GlobalSection(ProjectConfigurationPlatforms) = postSolution
		{7215C220-FA79-4062-9BD1-4B2DAA91161E}.Debug|Any CPU.ActiveCfg = Debug|Any CPU
		{7215C220-FA79-4062-9BD1-4B2DAA91161E}.Debug|Any CPU.Build.0 = Debug|Any CPU
		{7215C220-FA79-4062-9BD1-4B2DAA91161E}.Release|Any CPU.ActiveCfg = Release|Any CPU
		{7215C220-FA79-4062-9BD1-4B2DAA91161E}.Release|Any CPU.Build.0 = Release|Any CPU
	EndGlobalSection
	GlobalSection(SolutionProperties) = preSolution
		HideSolutionNode = FALSE
	EndGlobalSection
	GlobalSection(ExtensibilityGlobals) = postSolution
		SolutionGuid = {43B0BE9D-52F5-4914-AEB7-980AFE4DC9E9}
	EndGlobalSection
EndGlobal
